// !$*UTF8*$!
{
	archiveVersion = 1;
	classes = {
	};
	objectVersion = 46;
	objects = {

/* Begin PBXBuildFile section */
		652482DB132E92EC009FA0A6 /* Cocoa.framework in Frameworks */ = {isa = PBXBuildFile; fileRef = 652482DA132E92EC009FA0A6 /* Cocoa.framework */; };
		652482E5132E92EC009FA0A6 /* InfoPlist.strings in Resources */ = {isa = PBXBuildFile; fileRef = 652482E3132E92EC009FA0A6 /* InfoPlist.strings */; };
		652482E8132E92EC009FA0A6 /* main.m in Sources */ = {isa = PBXBuildFile; fileRef = 652482E7132E92EC009FA0A6 /* main.m */; };
		652482EB132E92EC009FA0A6 /* Credits.rtf in Resources */ = {isa = PBXBuildFile; fileRef = 652482E9132E92EC009FA0A6 /* Credits.rtf */; };
		652482F1132E92EC009FA0A6 /* MainMenu.xib in Resources */ = {isa = PBXBuildFile; fileRef = 652482EF132E92EC009FA0A6 /* MainMenu.xib */; };
		652482FF132E955C009FA0A6 /* minifying.m in Sources */ = {isa = PBXBuildFile; fileRef = 652482FE132E955C009FA0A6 /* minifying.m */; };
		658FA4DA132F2F7900CB59F4 /* yuicompressor.jar in Frameworks */ = {isa = PBXBuildFile; fileRef = 658FA4D9132F2F7900CB59F4 /* yuicompressor.jar */; };
		658FA4EC132F348F00CB59F4 /* yuicompressor.jar in Resources */ = {isa = PBXBuildFile; fileRef = 658FA4D9132F2F7900CB59F4 /* yuicompressor.jar */; };
		658FA504132F43EE00CB59F4 /* settings.png in Resources */ = {isa = PBXBuildFile; fileRef = 658FA503132F43EE00CB59F4 /* settings.png */; };
		658FA51C132F706F00CB59F4 /* minifire.icns in Resources */ = {isa = PBXBuildFile; fileRef = 658FA51B132F706F00CB59F4 /* minifire.icns */; };
/* End PBXBuildFile section */

/* Begin PBXFileReference section */
		652482D6132E92EC009FA0A6 /* Minifire.app */ = {isa = PBXFileReference; explicitFileType = wrapper.application; includeInIndex = 0; path = Minifire.app; sourceTree = BUILT_PRODUCTS_DIR; };
		652482DA132E92EC009FA0A6 /* Cocoa.framework */ = {isa = PBXFileReference; lastKnownFileType = wrapper.framework; name = Cocoa.framework; path = System/Library/Frameworks/Cocoa.framework; sourceTree = SDKROOT; };
		652482DD132E92EC009FA0A6 /* AppKit.framework */ = {isa = PBXFileReference; lastKnownFileType = wrapper.framework; name = AppKit.framework; path = System/Library/Frameworks/AppKit.framework; sourceTree = SDKROOT; };
		652482DE132E92EC009FA0A6 /* CoreData.framework */ = {isa = PBXFileReference; lastKnownFileType = wrapper.framework; name = CoreData.framework; path = System/Library/Frameworks/CoreData.framework; sourceTree = SDKROOT; };
		652482DF132E92EC009FA0A6 /* Foundation.framework */ = {isa = PBXFileReference; lastKnownFileType = wrapper.framework; name = Foundation.framework; path = System/Library/Frameworks/Foundation.framework; sourceTree = SDKROOT; };
		652482E2132E92EC009FA0A6 /* Minifire-Info.plist */ = {isa = PBXFileReference; lastKnownFileType = text.plist.xml; path = "Minifire-Info.plist"; sourceTree = "<group>"; };
		652482E4132E92EC009FA0A6 /* en */ = {isa = PBXFileReference; lastKnownFileType = text.plist.strings; name = en; path = en.lproj/InfoPlist.strings; sourceTree = "<group>"; };
		652482E6132E92EC009FA0A6 /* Minifire-Prefix.pch */ = {isa = PBXFileReference; lastKnownFileType = sourcecode.c.h; path = "Minifire-Prefix.pch"; sourceTree = "<group>"; };
		652482E7132E92EC009FA0A6 /* main.m */ = {isa = PBXFileReference; lastKnownFileType = sourcecode.c.objc; path = main.m; sourceTree = "<group>"; };
		652482EA132E92EC009FA0A6 /* en */ = {isa = PBXFileReference; lastKnownFileType = text.rtf; name = en; path = en.lproj/Credits.rtf; sourceTree = "<group>"; };
		652482F0132E92EC009FA0A6 /* en */ = {isa = PBXFileReference; lastKnownFileType = file.xib; name = en; path = en.lproj/MainMenu.xib; sourceTree = "<group>"; };
		652482FD132E955C009FA0A6 /* minifying.h */ = {isa = PBXFileReference; fileEncoding = 4; lastKnownFileType = sourcecode.c.h; path = minifying.h; sourceTree = "<group>"; };
		652482FE132E955C009FA0A6 /* minifying.m */ = {isa = PBXFileReference; fileEncoding = 4; lastKnownFileType = sourcecode.c.objc; path = minifying.m; sourceTree = "<group>"; };
		658FA4D9132F2F7900CB59F4 /* yuicompressor.jar */ = {isa = PBXFileReference; lastKnownFileType = archive.jar; path = yuicompressor.jar; sourceTree = "<group>"; };
		658FA4E0132F2FEB00CB59F4 /* CoreFoundation.framework */ = {isa = PBXFileReference; lastKnownFileType = wrapper.framework; name = CoreFoundation.framework; path = System/Library/Frameworks/CoreFoundation.framework; sourceTree = SDKROOT; };
		658FA503132F43EE00CB59F4 /* settings.png */ = {isa = PBXFileReference; lastKnownFileType = image.png; path = settings.png; sourceTree = "<group>"; };
		658FA51B132F706F00CB59F4 /* minifire.icns */ = {isa = PBXFileReference; lastKnownFileType = image.icns; name = minifire.icns; path = ../minifire.icns; sourceTree = "<group>"; };
/* End PBXFileReference section */

/* Begin PBXFrameworksBuildPhase section */
		652482D3132E92EC009FA0A6 /* Frameworks */ = {
			isa = PBXFrameworksBuildPhase;
			buildActionMask = 2147483647;
			files = (
				652482DB132E92EC009FA0A6 /* Cocoa.framework in Frameworks */,
				658FA4DA132F2F7900CB59F4 /* yuicompressor.jar in Frameworks */,
			);
			runOnlyForDeploymentPostprocessing = 0;
		};
/* End PBXFrameworksBuildPhase section */

/* Begin PBXGroup section */
		652482CB132E92EB009FA0A6 = {
			isa = PBXGroup;
			children = (
				652482E0132E92EC009FA0A6 /* Minifire */,
				652482D9132E92EC009FA0A6 /* Frameworks */,
				652482D7132E92EC009FA0A6 /* Products */,
			);
			sourceTree = "<group>";
		};
		652482D7132E92EC009FA0A6 /* Products */ = {
			isa = PBXGroup;
			children = (
				652482D6132E92EC009FA0A6 /* Minifire.app */,
			);
			name = Products;
			sourceTree = "<group>";
		};
		652482D9132E92EC009FA0A6 /* Frameworks */ = {
			isa = PBXGroup;
			children = (
				652482DA132E92EC009FA0A6 /* Cocoa.framework */,
				658FA4E0132F2FEB00CB59F4 /* CoreFoundation.framework */,
				652482DC132E92EC009FA0A6 /* Other Frameworks */,
			);
			name = Frameworks;
			sourceTree = "<group>";
		};
		652482DC132E92EC009FA0A6 /* Other Frameworks */ = {
			isa = PBXGroup;
			children = (
				652482DD132E92EC009FA0A6 /* AppKit.framework */,
				652482DE132E92EC009FA0A6 /* CoreData.framework */,
				652482DF132E92EC009FA0A6 /* Foundation.framework */,
			);
			name = "Other Frameworks";
			sourceTree = "<group>";
		};
		652482E0132E92EC009FA0A6 /* Minifire */ = {
			isa = PBXGroup;
			children = (
				652482EF132E92EC009FA0A6 /* MainMenu.xib */,
				652482E1132E92EC009FA0A6 /* Supporting Files */,
				652482FD132E955C009FA0A6 /* minifying.h */,
				652482FE132E955C009FA0A6 /* minifying.m */,
			);
			path = Minifire;
			sourceTree = "<group>";
		};
		652482E1132E92EC009FA0A6 /* Supporting Files */ = {
			isa = PBXGroup;
			children = (
				658FA51B132F706F00CB59F4 /* minifire.icns */,
				658FA503132F43EE00CB59F4 /* settings.png */,
				658FA4D9132F2F7900CB59F4 /* yuicompressor.jar */,
				652482E2132E92EC009FA0A6 /* Minifire-Info.plist */,
				652482E3132E92EC009FA0A6 /* InfoPlist.strings */,
				652482E6132E92EC009FA0A6 /* Minifire-Prefix.pch */,
				652482E7132E92EC009FA0A6 /* main.m */,
				652482E9132E92EC009FA0A6 /* Credits.rtf */,
			);
			name = "Supporting Files";
			sourceTree = "<group>";
		};
/* End PBXGroup section */

/* Begin PBXNativeTarget section */
		652482D5132E92EC009FA0A6 /* Minifire */ = {
			isa = PBXNativeTarget;
			buildConfigurationList = 652482F4132E92EC009FA0A6 /* Build configuration list for PBXNativeTarget "Minifire" */;
			buildPhases = (
				652482D2132E92EC009FA0A6 /* Sources */,
				652482D3132E92EC009FA0A6 /* Frameworks */,
				652482D4132E92EC009FA0A6 /* Resources */,
			);
			buildRules = (
			);
			dependencies = (
			);
			name = Minifire;
			productName = Minifire;
			productReference = 652482D6132E92EC009FA0A6 /* Minifire.app */;
			productType = "com.apple.product-type.application";
		};
/* End PBXNativeTarget section */

/* Begin PBXProject section */
		652482CD132E92EB009FA0A6 /* Project object */ = {
			isa = PBXProject;
			buildConfigurationList = 652482D0132E92EB009FA0A6 /* Build configuration list for PBXProject "Minifire" */;
			compatibilityVersion = "Xcode 3.2";
			developmentRegion = English;
			hasScannedForEncodings = 0;
			knownRegions = (
				en,
			);
			mainGroup = 652482CB132E92EB009FA0A6;
			productRefGroup = 652482D7132E92EC009FA0A6 /* Products */;
			projectDirPath = "";
			projectRoot = "";
			targets = (
				652482D5132E92EC009FA0A6 /* Minifire */,
			);
		};
/* End PBXProject section */

/* Begin PBXResourcesBuildPhase section */
		652482D4132E92EC009FA0A6 /* Resources */ = {
			isa = PBXResourcesBuildPhase;
			buildActionMask = 2147483647;
			files = (
				652482E5132E92EC009FA0A6 /* InfoPlist.strings in Resources */,
				652482EB132E92EC009FA0A6 /* Credits.rtf in Resources */,
				652482F1132E92EC009FA0A6 /* MainMenu.xib in Resources */,
				658FA4EC132F348F00CB59F4 /* yuicompressor.jar in Resources */,
				658FA504132F43EE00CB59F4 /* settings.png in Resources */,
				658FA51C132F706F00CB59F4 /* minifire.icns in Resources */,
			);
			runOnlyForDeploymentPostprocessing = 0;
		};
/* End PBXResourcesBuildPhase section */

/* Begin PBXSourcesBuildPhase section */
		652482D2132E92EC009FA0A6 /* Sources */ = {
			isa = PBXSourcesBuildPhase;
			buildActionMask = 2147483647;
			files = (
				652482E8132E92EC009FA0A6 /* main.m in Sources */,
				652482FF132E955C009FA0A6 /* minifying.m in Sources */,
			);
			runOnlyForDeploymentPostprocessing = 0;
		};
/* End PBXSourcesBuildPhase section */

/* Begin PBXVariantGroup section */
		652482E3132E92EC009FA0A6 /* InfoPlist.strings */ = {
			isa = PBXVariantGroup;
			children = (
				652482E4132E92EC009FA0A6 /* en */,
			);
			name = InfoPlist.strings;
			sourceTree = "<group>";
		};
		652482E9132E92EC009FA0A6 /* Credits.rtf */ = {
			isa = PBXVariantGroup;
			children = (
				652482EA132E92EC009FA0A6 /* en */,
			);
			name = Credits.rtf;
			sourceTree = "<group>";
		};
		652482EF132E92EC009FA0A6 /* MainMenu.xib */ = {
			isa = PBXVariantGroup;
			children = (
				652482F0132E92EC009FA0A6 /* en */,
			);
			name = MainMenu.xib;
			sourceTree = "<group>";
		};
/* End PBXVariantGroup section */

/* Begin XCBuildConfiguration section */
		652482F2132E92EC009FA0A6 /* Debug */ = {
			isa = XCBuildConfiguration;
			buildSettings = {
				ARCHS = "$(ARCHS_STANDARD_32_64_BIT)";
				GCC_C_LANGUAGE_STANDARD = gnu99;
				GCC_OPTIMIZATION_LEVEL = 0;
				GCC_PREPROCESSOR_DEFINITIONS = DEBUG;
				GCC_SYMBOLS_PRIVATE_EXTERN = NO;
				GCC_VERSION = com.apple.compilers.llvm.clang.1_0;
				GCC_WARN_64_TO_32_BIT_CONVERSION = YES;
				GCC_WARN_ABOUT_RETURN_TYPE = YES;
				GCC_WARN_UNUSED_VARIABLE = YES;
				MACOSX_DEPLOYMENT_TARGET = 10.6;
				ONLY_ACTIVE_ARCH = YES;
				SDKROOT = macosx;
			};
			name = Debug;
		};
		652482F3132E92EC009FA0A6 /* Release */ = {
			isa = XCBuildConfiguration;
			buildSettings = {
				ARCHS = "$(ARCHS_STANDARD_32_64_BIT)";
				GCC_C_LANGUAGE_STANDARD = gnu99;
				GCC_VERSION = com.apple.compilers.llvm.clang.1_0;
				GCC_WARN_64_TO_32_BIT_CONVERSION = YES;
				GCC_WARN_ABOUT_RETURN_TYPE = YES;
				GCC_WARN_UNUSED_VARIABLE = YES;
				MACOSX_DEPLOYMENT_TARGET = 10.6;
				SDKROOT = macosx;
			};
			name = Release;
		};
		652482F5132E92EC009FA0A6 /* Debug */ = {
			isa = XCBuildConfiguration;
			buildSettings = {
				ALWAYS_SEARCH_USER_PATHS = NO;
				COPY_PHASE_STRIP = NO;
				GCC_DYNAMIC_NO_PIC = NO;
				GCC_ENABLE_OBJC_EXCEPTIONS = YES;
				GCC_PRECOMPILE_PREFIX_HEADER = YES;
				GCC_PREFIX_HEADER = "Minifire/Minifire-Prefix.pch";
				INFOPLIST_FILE = "Minifire/Minifire-Info.plist";
				PRODUCT_NAME = "$(TARGET_NAME)";
				WRAPPER_EXTENSION = app;
			};
			name = Debug;
		};
		652482F6132E92EC009FA0A6 /* Release */ = {
			isa = XCBuildConfiguration;
			buildSettings = {
				ALWAYS_SEARCH_USER_PATHS = NO;
				COPY_PHASE_STRIP = YES;
				DEBUG_INFORMATION_FORMAT = "dwarf-with-dsym";
				GCC_ENABLE_OBJC_EXCEPTIONS = YES;
				GCC_PRECOMPILE_PREFIX_HEADER = YES;
				GCC_PREFIX_HEADER = "Minifire/Minifire-Prefix.pch";
				INFOPLIST_FILE = "Minifire/Minifire-Info.plist";
				PRODUCT_NAME = "$(TARGET_NAME)";
				WRAPPER_EXTENSION = app;
			};
			name = Release;
		};
/* End XCBuildConfiguration section */

/* Begin XCConfigurationList section */
		652482D0132E92EB009FA0A6 /* Build configuration list for PBXProject "Minifire" */ = {
			isa = XCConfigurationList;
			buildConfigurations = (
				652482F2132E92EC009FA0A6 /* Debug */,
				652482F3132E92EC009FA0A6 /* Release */,
			);
			defaultConfigurationIsVisible = 0;
			defaultConfigurationName = Release;
		};
		652482F4132E92EC009FA0A6 /* Build configuration list for PBXNativeTarget "Minifire" */ = {
			isa = XCConfigurationList;
			buildConfigurations = (
				652482F5132E92EC009FA0A6 /* Debug */,
				652482F6132E92EC009FA0A6 /* Release */,
			);
			defaultConfigurationIsVisible = 0;
			defaultConfigurationName = Release;
		};
/* End XCConfigurationList section */
	};
	rootObject = 652482CD132E92EB009FA0A6 /* Project object */;
}
